// !$*UTF8*$!
{
	archiveVersion = 1;
	classes = {
	};
	objectVersion = 46;
	objects = {

/* Begin PBXBuildFile section */
		2EBF87211F394ABE00EB7D67 /* main.m in Sources */ = {isa = PBXBuildFile; fileRef = 2EBF87201F394ABE00EB7D67 /* main.m */; };
		2EBF87241F394ABE00EB7D67 /* AppDelegate.m in Sources */ = {isa = PBXBuildFile; fileRef = 2EBF87231F394ABE00EB7D67 /* AppDelegate.m */; };
		2EBF87261F394ABF00EB7D67 /* GameScene.sks in Resources */ = {isa = PBXBuildFile; fileRef = 2EBF87251F394ABF00EB7D67 /* GameScene.sks */; };
		2EBF87281F394ABF00EB7D67 /* Actions.sks in Resources */ = {isa = PBXBuildFile; fileRef = 2EBF87271F394ABF00EB7D67 /* Actions.sks */; };
		2EBF872B1F394ABF00EB7D67 /* GameScene.m in Sources */ = {isa = PBXBuildFile; fileRef = 2EBF872A1F394ABF00EB7D67 /* GameScene.m */; };
		2EBF872E1F394ABF00EB7D67 /* GameViewController.m in Sources */ = {isa = PBXBuildFile; fileRef = 2EBF872D1F394ABF00EB7D67 /* GameViewController.m */; };
		2EBF87311F394ABF00EB7D67 /* Main.storyboard in Resources */ = {isa = PBXBuildFile; fileRef = 2EBF872F1F394ABF00EB7D67 /* Main.storyboard */; };
		2EBF87331F394ABF00EB7D67 /* Assets.xcassets in Resources */ = {isa = PBXBuildFile; fileRef = 2EBF87321F394ABF00EB7D67 /* Assets.xcassets */; };
		2EBF87361F394ABF00EB7D67 /* LaunchScreen.storyboard in Resources */ = {isa = PBXBuildFile; fileRef = 2EBF87341F394ABF00EB7D67 /* LaunchScreen.storyboard */; };
		2EBF87411F394ABF00EB7D67 /* CattyGoTests.m in Sources */ = {isa = PBXBuildFile; fileRef = 2EBF87401F394ABF00EB7D67 /* CattyGoTests.m */; };
		2EBF874C1F394ABF00EB7D67 /* CattyGoUITests.m in Sources */ = {isa = PBXBuildFile; fileRef = 2EBF874B1F394ABF00EB7D67 /* CattyGoUITests.m */; };
		2EBF875B1F3A4D8900EB7D67 /* StartScene.m in Sources */ = {isa = PBXBuildFile; fileRef = 2EBF875A1F3A4D8900EB7D67 /* StartScene.m */; };
		2EBF875D1F3A4DF200EB7D67 /* StartScene.sks in Resources */ = {isa = PBXBuildFile; fileRef = 2EBF875C1F3A4DF200EB7D67 /* StartScene.sks */; };
		2EBF875F1F3A558F00EB7D67 /* SettingScene.sks in Resources */ = {isa = PBXBuildFile; fileRef = 2EBF875E1F3A558F00EB7D67 /* SettingScene.sks */; };
		2EBF87611F3A57EE00EB7D67 /* OverScene.sks in Resources */ = {isa = PBXBuildFile; fileRef = 2EBF87601F3A57EE00EB7D67 /* OverScene.sks */; };
		2EBF87641F3A7F1800EB7D67 /* SettingScene.m in Sources */ = {isa = PBXBuildFile; fileRef = 2EBF87631F3A7F1800EB7D67 /* SettingScene.m */; };
		2EBF87671F3A7F3200EB7D67 /* OverScene.m in Sources */ = {isa = PBXBuildFile; fileRef = 2EBF87661F3A7F3200EB7D67 /* OverScene.m */; };
/* End PBXBuildFile section */

/* Begin PBXContainerItemProxy section */
		2EBF873D1F394ABF00EB7D67 /* PBXContainerItemProxy */ = {
			isa = PBXContainerItemProxy;
			containerPortal = 2EBF87141F394ABE00EB7D67 /* Project object */;
			proxyType = 1;
			remoteGlobalIDString = 2EBF871B1F394ABE00EB7D67;
			remoteInfo = CattyGo;
		};
		2EBF87481F394ABF00EB7D67 /* PBXContainerItemProxy */ = {
			isa = PBXContainerItemProxy;
			containerPortal = 2EBF87141F394ABE00EB7D67 /* Project object */;
			proxyType = 1;
			remoteGlobalIDString = 2EBF871B1F394ABE00EB7D67;
			remoteInfo = CattyGo;
		};
/* End PBXContainerItemProxy section */

/* Begin PBXFileReference section */
		2EBF871C1F394ABE00EB7D67 /* CattyGo.app */ = {isa = PBXFileReference; explicitFileType = wrapper.application; includeInIndex = 0; path = CattyGo.app; sourceTree = BUILT_PRODUCTS_DIR; };
		2EBF87201F394ABE00EB7D67 /* main.m */ = {isa = PBXFileReference; lastKnownFileType = sourcecode.c.objc; path = main.m; sourceTree = "<group>"; };
		2EBF87221F394ABE00EB7D67 /* AppDelegate.h */ = {isa = PBXFileReference; lastKnownFileType = sourcecode.c.h; path = AppDelegate.h; sourceTree = "<group>"; };
		2EBF87231F394ABE00EB7D67 /* AppDelegate.m */ = {isa = PBXFileReference; lastKnownFileType = sourcecode.c.objc; path = AppDelegate.m; sourceTree = "<group>"; };
		2EBF87251F394ABF00EB7D67 /* GameScene.sks */ = {isa = PBXFileReference; lastKnownFileType = file.sks; path = GameScene.sks; sourceTree = "<group>"; };
		2EBF87271F394ABF00EB7D67 /* Actions.sks */ = {isa = PBXFileReference; lastKnownFileType = file.sks; path = Actions.sks; sourceTree = "<group>"; };
		2EBF87291F394ABF00EB7D67 /* GameScene.h */ = {isa = PBXFileReference; lastKnownFileType = sourcecode.c.h; path = GameScene.h; sourceTree = "<group>"; };
		2EBF872A1F394ABF00EB7D67 /* GameScene.m */ = {isa = PBXFileReference; lastKnownFileType = sourcecode.c.objc; path = GameScene.m; sourceTree = "<group>"; };
		2EBF872C1F394ABF00EB7D67 /* GameViewController.h */ = {isa = PBXFileReference; lastKnownFileType = sourcecode.c.h; path = GameViewController.h; sourceTree = "<group>"; };
		2EBF872D1F394ABF00EB7D67 /* GameViewController.m */ = {isa = PBXFileReference; lastKnownFileType = sourcecode.c.objc; path = GameViewController.m; sourceTree = "<group>"; };
		2EBF87301F394ABF00EB7D67 /* Base */ = {isa = PBXFileReference; lastKnownFileType = file.storyboard; name = Base; path = Base.lproj/Main.storyboard; sourceTree = "<group>"; };
		2EBF87321F394ABF00EB7D67 /* Assets.xcassets */ = {isa = PBXFileReference; lastKnownFileType = folder.assetcatalog; path = Assets.xcassets; sourceTree = "<group>"; };
		2EBF87351F394ABF00EB7D67 /* Base */ = {isa = PBXFileReference; lastKnownFileType = file.storyboard; name = Base; path = Base.lproj/LaunchScreen.storyboard; sourceTree = "<group>"; };
		2EBF87371F394ABF00EB7D67 /* Info.plist */ = {isa = PBXFileReference; lastKnownFileType = text.plist.xml; path = Info.plist; sourceTree = "<group>"; };
		2EBF873C1F394ABF00EB7D67 /* CattyGoTests.xctest */ = {isa = PBXFileReference; explicitFileType = wrapper.cfbundle; includeInIndex = 0; path = CattyGoTests.xctest; sourceTree = BUILT_PRODUCTS_DIR; };
		2EBF87401F394ABF00EB7D67 /* CattyGoTests.m */ = {isa = PBXFileReference; lastKnownFileType = sourcecode.c.objc; path = CattyGoTests.m; sourceTree = "<group>"; };
		2EBF87421F394ABF00EB7D67 /* Info.plist */ = {isa = PBXFileReference; lastKnownFileType = text.plist.xml; path = Info.plist; sourceTree = "<group>"; };
		2EBF87471F394ABF00EB7D67 /* CattyGoUITests.xctest */ = {isa = PBXFileReference; explicitFileType = wrapper.cfbundle; includeInIndex = 0; path = CattyGoUITests.xctest; sourceTree = BUILT_PRODUCTS_DIR; };
		2EBF874B1F394ABF00EB7D67 /* CattyGoUITests.m */ = {isa = PBXFileReference; lastKnownFileType = sourcecode.c.objc; path = CattyGoUITests.m; sourceTree = "<group>"; };
		2EBF874D1F394ABF00EB7D67 /* Info.plist */ = {isa = PBXFileReference; lastKnownFileType = text.plist.xml; path = Info.plist; sourceTree = "<group>"; };
		2EBF87591F3A4D8900EB7D67 /* StartScene.h */ = {isa = PBXFileReference; fileEncoding = 4; lastKnownFileType = sourcecode.c.h; path = StartScene.h; sourceTree = "<group>"; };
		2EBF875A1F3A4D8900EB7D67 /* StartScene.m */ = {isa = PBXFileReference; fileEncoding = 4; lastKnownFileType = sourcecode.c.objc; path = StartScene.m; sourceTree = "<group>"; };
		2EBF875C1F3A4DF200EB7D67 /* StartScene.sks */ = {isa = PBXFileReference; lastKnownFileType = file.sks; path = StartScene.sks; sourceTree = "<group>"; };
		2EBF875E1F3A558F00EB7D67 /* SettingScene.sks */ = {isa = PBXFileReference; lastKnownFileType = file.sks; path = SettingScene.sks; sourceTree = "<group>"; };
		2EBF87601F3A57EE00EB7D67 /* OverScene.sks */ = {isa = PBXFileReference; lastKnownFileType = file.sks; path = OverScene.sks; sourceTree = "<group>"; };
		2EBF87621F3A7F1800EB7D67 /* SettingScene.h */ = {isa = PBXFileReference; fileEncoding = 4; lastKnownFileType = sourcecode.c.h; path = SettingScene.h; sourceTree = "<group>"; };
		2EBF87631F3A7F1800EB7D67 /* SettingScene.m */ = {isa = PBXFileReference; fileEncoding = 4; lastKnownFileType = sourcecode.c.objc; path = SettingScene.m; sourceTree = "<group>"; };
		2EBF87651F3A7F3200EB7D67 /* OverScene.h */ = {isa = PBXFileReference; fileEncoding = 4; lastKnownFileType = sourcecode.c.h; path = OverScene.h; sourceTree = "<group>"; };
		2EBF87661F3A7F3200EB7D67 /* OverScene.m */ = {isa = PBXFileReference; fileEncoding = 4; lastKnownFileType = sourcecode.c.objc; path = OverScene.m; sourceTree = "<group>"; };
/* End PBXFileReference section */

/* Begin PBXFrameworksBuildPhase section */
		2EBF87191F394ABE00EB7D67 /* Frameworks */ = {
			isa = PBXFrameworksBuildPhase;
			buildActionMask = 2147483647;
			files = (
			);
			runOnlyForDeploymentPostprocessing = 0;
		};
		2EBF87391F394ABF00EB7D67 /* Frameworks */ = {
			isa = PBXFrameworksBuildPhase;
			buildActionMask = 2147483647;
			files = (
			);
			runOnlyForDeploymentPostprocessing = 0;
		};
		2EBF87441F394ABF00EB7D67 /* Frameworks */ = {
			isa = PBXFrameworksBuildPhase;
			buildActionMask = 2147483647;
			files = (
			);
			runOnlyForDeploymentPostprocessing = 0;
		};
/* End PBXFrameworksBuildPhase section */

/* Begin PBXGroup section */
		2EBF87131F394ABE00EB7D67 = {
			isa = PBXGroup;
			children = (
				2EBF871E1F394ABE00EB7D67 /* CattyGo */,
				2EBF873F1F394ABF00EB7D67 /* CattyGoTests */,
				2EBF874A1F394ABF00EB7D67 /* CattyGoUITests */,
				2EBF871D1F394ABE00EB7D67 /* Products */,
			);
			sourceTree = "<group>";
		};
		2EBF871D1F394ABE00EB7D67 /* Products */ = {
			isa = PBXGroup;
			children = (
				2EBF871C1F394ABE00EB7D67 /* CattyGo.app */,
				2EBF873C1F394ABF00EB7D67 /* CattyGoTests.xctest */,
				2EBF87471F394ABF00EB7D67 /* CattyGoUITests.xctest */,
			);
			name = Products;
			sourceTree = "<group>";
		};
		2EBF871E1F394ABE00EB7D67 /* CattyGo */ = {
			isa = PBXGroup;
			children = (
				2EBF87221F394ABE00EB7D67 /* AppDelegate.h */,
				2EBF87231F394ABE00EB7D67 /* AppDelegate.m */,
				2EBF87271F394ABF00EB7D67 /* Actions.sks */,
				2EBF872C1F394ABF00EB7D67 /* GameViewController.h */,
				2EBF872D1F394ABF00EB7D67 /* GameViewController.m */,
				2EBF875C1F3A4DF200EB7D67 /* StartScene.sks */,
				2EBF87591F3A4D8900EB7D67 /* StartScene.h */,
				2EBF875A1F3A4D8900EB7D67 /* StartScene.m */,
				2EBF87251F394ABF00EB7D67 /* GameScene.sks */,
				2EBF87291F394ABF00EB7D67 /* GameScene.h */,
				2EBF872A1F394ABF00EB7D67 /* GameScene.m */,
				2EBF875E1F3A558F00EB7D67 /* SettingScene.sks */,
				2EBF87621F3A7F1800EB7D67 /* SettingScene.h */,
				2EBF87631F3A7F1800EB7D67 /* SettingScene.m */,
				2EBF87601F3A57EE00EB7D67 /* OverScene.sks */,
				2EBF87651F3A7F3200EB7D67 /* OverScene.h */,
				2EBF87661F3A7F3200EB7D67 /* OverScene.m */,
				2EBF872F1F394ABF00EB7D67 /* Main.storyboard */,
				2EBF87321F394ABF00EB7D67 /* Assets.xcassets */,
				2EBF87341F394ABF00EB7D67 /* LaunchScreen.storyboard */,
				2EBF87371F394ABF00EB7D67 /* Info.plist */,
				2EBF871F1F394ABE00EB7D67 /* Supporting Files */,
			);
			path = CattyGo;
			sourceTree = "<group>";
		};
		2EBF871F1F394ABE00EB7D67 /* Supporting Files */ = {
			isa = PBXGroup;
			children = (
				2EBF87201F394ABE00EB7D67 /* main.m */,
			);
			name = "Supporting Files";
			sourceTree = "<group>";
		};
		2EBF873F1F394ABF00EB7D67 /* CattyGoTests */ = {
			isa = PBXGroup;
			children = (
				2EBF87401F394ABF00EB7D67 /* CattyGoTests.m */,
				2EBF87421F394ABF00EB7D67 /* Info.plist */,
			);
			path = CattyGoTests;
			sourceTree = "<group>";
		};
		2EBF874A1F394ABF00EB7D67 /* CattyGoUITests */ = {
			isa = PBXGroup;
			children = (
				2EBF874B1F394ABF00EB7D67 /* CattyGoUITests.m */,
				2EBF874D1F394ABF00EB7D67 /* Info.plist */,
			);
			path = CattyGoUITests;
			sourceTree = "<group>";
		};
/* End PBXGroup section */

/* Begin PBXNativeTarget section */
		2EBF871B1F394ABE00EB7D67 /* CattyGo */ = {
			isa = PBXNativeTarget;
			buildConfigurationList = 2EBF87501F394ABF00EB7D67 /* Build configuration list for PBXNativeTarget "CattyGo" */;
			buildPhases = (
				2EBF87181F394ABE00EB7D67 /* Sources */,
				2EBF87191F394ABE00EB7D67 /* Frameworks */,
				2EBF871A1F394ABE00EB7D67 /* Resources */,
			);
			buildRules = (
			);
			dependencies = (
			);
			name = CattyGo;
			productName = CattyGo;
			productReference = 2EBF871C1F394ABE00EB7D67 /* CattyGo.app */;
			productType = "com.apple.product-type.application";
		};
		2EBF873B1F394ABF00EB7D67 /* CattyGoTests */ = {
			isa = PBXNativeTarget;
			buildConfigurationList = 2EBF87531F394ABF00EB7D67 /* Build configuration list for PBXNativeTarget "CattyGoTests" */;
			buildPhases = (
				2EBF87381F394ABF00EB7D67 /* Sources */,
				2EBF87391F394ABF00EB7D67 /* Frameworks */,
				2EBF873A1F394ABF00EB7D67 /* Resources */,
			);
			buildRules = (
			);
			dependencies = (
				2EBF873E1F394ABF00EB7D67 /* PBXTargetDependency */,
			);
			name = CattyGoTests;
			productName = CattyGoTests;
			productReference = 2EBF873C1F394ABF00EB7D67 /* CattyGoTests.xctest */;
			productType = "com.apple.product-type.bundle.unit-test";
		};
		2EBF87461F394ABF00EB7D67 /* CattyGoUITests */ = {
			isa = PBXNativeTarget;
			buildConfigurationList = 2EBF87561F394ABF00EB7D67 /* Build configuration list for PBXNativeTarget "CattyGoUITests" */;
			buildPhases = (
				2EBF87431F394ABF00EB7D67 /* Sources */,
				2EBF87441F394ABF00EB7D67 /* Frameworks */,
				2EBF87451F394ABF00EB7D67 /* Resources */,
			);
			buildRules = (
			);
			dependencies = (
				2EBF87491F394ABF00EB7D67 /* PBXTargetDependency */,
			);
			name = CattyGoUITests;
			productName = CattyGoUITests;
			productReference = 2EBF87471F394ABF00EB7D67 /* CattyGoUITests.xctest */;
			productType = "com.apple.product-type.bundle.ui-testing";
		};
/* End PBXNativeTarget section */

/* Begin PBXProject section */
		2EBF87141F394ABE00EB7D67 /* Project object */ = {
			isa = PBXProject;
			attributes = {
				LastUpgradeCheck = 0830;
				ORGANIZATIONNAME = "Weiling Xi";
				TargetAttributes = {
					2EBF871B1F394ABE00EB7D67 = {
						CreatedOnToolsVersion = 8.3.3;
						DevelopmentTeam = 4V4PCK8KNJ;
						ProvisioningStyle = Automatic;
					};
					2EBF873B1F394ABF00EB7D67 = {
						CreatedOnToolsVersion = 8.3.3;
						DevelopmentTeam = 4V4PCK8KNJ;
						ProvisioningStyle = Automatic;
						TestTargetID = 2EBF871B1F394ABE00EB7D67;
					};
					2EBF87461F394ABF00EB7D67 = {
						CreatedOnToolsVersion = 8.3.3;
						DevelopmentTeam = 4V4PCK8KNJ;
						ProvisioningStyle = Automatic;
						TestTargetID = 2EBF871B1F394ABE00EB7D67;
					};
				};
			};
			buildConfigurationList = 2EBF87171F394ABE00EB7D67 /* Build configuration list for PBXProject "CattyGo" */;
			compatibilityVersion = "Xcode 3.2";
			developmentRegion = English;
			hasScannedForEncodings = 0;
			knownRegions = (
				en,
				Base,
			);
			mainGroup = 2EBF87131F394ABE00EB7D67;
			productRefGroup = 2EBF871D1F394ABE00EB7D67 /* Products */;
			projectDirPath = "";
			projectRoot = "";
			targets = (
				2EBF871B1F394ABE00EB7D67 /* CattyGo */,
				2EBF873B1F394ABF00EB7D67 /* CattyGoTests */,
				2EBF87461F394ABF00EB7D67 /* CattyGoUITests */,
			);
		};
/* End PBXProject section */

/* Begin PBXResourcesBuildPhase section */
		2EBF871A1F394ABE00EB7D67 /* Resources */ = {
			isa = PBXResourcesBuildPhase;
			buildActionMask = 2147483647;
			files = (
				2EBF87311F394ABF00EB7D67 /* Main.storyboard in Resources */,
				2EBF87261F394ABF00EB7D67 /* GameScene.sks in Resources */,
				2EBF87331F394ABF00EB7D67 /* Assets.xcassets in Resources */,
				2EBF875D1F3A4DF200EB7D67 /* StartScene.sks in Resources */,
				2EBF87361F394ABF00EB7D67 /* LaunchScreen.storyboard in Resources */,
				2EBF87281F394ABF00EB7D67 /* Actions.sks in Resources */,
				2EBF87611F3A57EE00EB7D67 /* OverScene.sks in Resources */,
				2EBF875F1F3A558F00EB7D67 /* SettingScene.sks in Resources */,
			);
			runOnlyForDeploymentPostprocessing = 0;
		};
		2EBF873A1F394ABF00EB7D67 /* Resources */ = {
			isa = PBXResourcesBuildPhase;
			buildActionMask = 2147483647;
			files = (
			);
			runOnlyForDeploymentPostprocessing = 0;
		};
		2EBF87451F394ABF00EB7D67 /* Resources */ = {
			isa = PBXResourcesBuildPhase;
			buildActionMask = 2147483647;
			files = (
			);
			runOnlyForDeploymentPostprocessing = 0;
		};
/* End PBXResourcesBuildPhase section */

/* Begin PBXSourcesBuildPhase section */
		2EBF87181F394ABE00EB7D67 /* Sources */ = {
			isa = PBXSourcesBuildPhase;
			buildActionMask = 2147483647;
			files = (
				2EBF87671F3A7F3200EB7D67 /* OverScene.m in Sources */,
				2EBF872E1F394ABF00EB7D67 /* GameViewController.m in Sources */,
				2EBF87641F3A7F1800EB7D67 /* SettingScene.m in Sources */,
				2EBF87241F394ABE00EB7D67 /* AppDelegate.m in Sources */,
				2EBF872B1F394ABF00EB7D67 /* GameScene.m in Sources */,
				2EBF87211F394ABE00EB7D67 /* main.m in Sources */,
				2EBF875B1F3A4D8900EB7D67 /* StartScene.m in Sources */,
			);
			runOnlyForDeploymentPostprocessing = 0;
		};
		2EBF87381F394ABF00EB7D67 /* Sources */ = {
			isa = PBXSourcesBuildPhase;
			buildActionMask = 2147483647;
			files = (
				2EBF87411F394ABF00EB7D67 /* CattyGoTests.m in Sources */,
			);
			runOnlyForDeploymentPostprocessing = 0;
		};
		2EBF87431F394ABF00EB7D67 /* Sources */ = {
			isa = PBXSourcesBuildPhase;
			buildActionMask = 2147483647;
			files = (
				2EBF874C1F394ABF00EB7D67 /* CattyGoUITests.m in Sources */,
			);
			runOnlyForDeploymentPostprocessing = 0;
		};
/* End PBXSourcesBuildPhase section */

/* Begin PBXTargetDependency section */
		2EBF873E1F394ABF00EB7D67 /* PBXTargetDependency */ = {
			isa = PBXTargetDependency;
			target = 2EBF871B1F394ABE00EB7D67 /* CattyGo */;
			targetProxy = 2EBF873D1F394ABF00EB7D67 /* PBXContainerItemProxy */;
		};
		2EBF87491F394ABF00EB7D67 /* PBXTargetDependency */ = {
			isa = PBXTargetDependency;
			target = 2EBF871B1F394ABE00EB7D67 /* CattyGo */;
			targetProxy = 2EBF87481F394ABF00EB7D67 /* PBXContainerItemProxy */;
		};
/* End PBXTargetDependency section */

/* Begin PBXVariantGroup section */
		2EBF872F1F394ABF00EB7D67 /* Main.storyboard */ = {
			isa = PBXVariantGroup;
			children = (
				2EBF87301F394ABF00EB7D67 /* Base */,
			);
			name = Main.storyboard;
			sourceTree = "<group>";
		};
		2EBF87341F394ABF00EB7D67 /* LaunchScreen.storyboard */ = {
			isa = PBXVariantGroup;
			children = (
				2EBF87351F394ABF00EB7D67 /* Base */,
			);
			name = LaunchScreen.storyboard;
			sourceTree = "<group>";
		};
/* End PBXVariantGroup section */

/* Begin XCBuildConfiguration section */
		2EBF874E1F394ABF00EB7D67 /* Debug */ = {
			isa = XCBuildConfiguration;
			buildSettings = {
				ALWAYS_SEARCH_USER_PATHS = NO;
				CLANG_ANALYZER_NONNULL = YES;
				CLANG_ANALYZER_NUMBER_OBJECT_CONVERSION = YES_AGGRESSIVE;
				CLANG_CXX_LANGUAGE_STANDARD = "gnu++0x";
				CLANG_CXX_LIBRARY = "libc++";
				CLANG_ENABLE_MODULES = YES;
				CLANG_ENABLE_OBJC_ARC = YES;
				CLANG_WARN_BOOL_CONVERSION = YES;
				CLANG_WARN_CONSTANT_CONVERSION = YES;
				CLANG_WARN_DIRECT_OBJC_ISA_USAGE = YES_ERROR;
				CLANG_WARN_DOCUMENTATION_COMMENTS = YES;
				CLANG_WARN_EMPTY_BODY = YES;
				CLANG_WARN_ENUM_CONVERSION = YES;
				CLANG_WARN_INFINITE_RECURSION = YES;
				CLANG_WARN_INT_CONVERSION = YES;
				CLANG_WARN_OBJC_ROOT_CLASS = YES_ERROR;
				CLANG_WARN_SUSPICIOUS_MOVE = YES;
				CLANG_WARN_UNREACHABLE_CODE = YES;
				CLANG_WARN__DUPLICATE_METHOD_MATCH = YES;
				"CODE_SIGN_IDENTITY[sdk=iphoneos*]" = "iPhone Developer";
				COPY_PHASE_STRIP = NO;
				DEBUG_INFORMATION_FORMAT = dwarf;
				ENABLE_STRICT_OBJC_MSGSEND = YES;
				ENABLE_TESTABILITY = YES;
				GCC_C_LANGUAGE_STANDARD = gnu99;
				GCC_DYNAMIC_NO_PIC = NO;
				GCC_NO_COMMON_BLOCKS = YES;
				GCC_OPTIMIZATION_LEVEL = 0;
				GCC_PREPROCESSOR_DEFINITIONS = (
					"DEBUG=1",
					"$(inherited)",
				);
				GCC_WARN_64_TO_32_BIT_CONVERSION = YES;
				GCC_WARN_ABOUT_RETURN_TYPE = YES_ERROR;
				GCC_WARN_UNDECLARED_SELECTOR = YES;
				GCC_WARN_UNINITIALIZED_AUTOS = YES_AGGRESSIVE;
				GCC_WARN_UNUSED_FUNCTION = YES;
				GCC_WARN_UNUSED_VARIABLE = YES;
				IPHONEOS_DEPLOYMENT_TARGET = 10.3;
				MTL_ENABLE_DEBUG_INFO = YES;
				ONLY_ACTIVE_ARCH = YES;
				SDKROOT = iphoneos;
			};
			name = Debug;
		};
		2EBF874F1F394ABF00EB7D67 /* Release */ = {
			isa = XCBuildConfiguration;
			buildSettings = {
				ALWAYS_SEARCH_USER_PATHS = NO;
				CLANG_ANALYZER_NONNULL = YES;
				CLANG_ANALYZER_NUMBER_OBJECT_CONVERSION = YES_AGGRESSIVE;
				CLANG_CXX_LANGUAGE_STANDARD = "gnu++0x";
				CLANG_CXX_LIBRARY = "libc++";
				CLANG_ENABLE_MODULES = YES;
				CLANG_ENABLE_OBJC_ARC = YES;
				CLANG_WARN_BOOL_CONVERSION = YES;
				CLANG_WARN_CONSTANT_CONVERSION = YES;
				CLANG_WARN_DIRECT_OBJC_ISA_USAGE = YES_ERROR;
				CLANG_WARN_DOCUMENTATION_COMMENTS = YES;
				CLANG_WARN_EMPTY_BODY = YES;
				CLANG_WARN_ENUM_CONVERSION = YES;
				CLANG_WARN_INFINITE_RECURSION = YES;
				CLANG_WARN_INT_CONVERSION = YES;
				CLANG_WARN_OBJC_ROOT_CLASS = YES_ERROR;
				CLANG_WARN_SUSPICIOUS_MOVE = YES;
				CLANG_WARN_UNREACHABLE_CODE = YES;
				CLANG_WARN__DUPLICATE_METHOD_MATCH = YES;
				"CODE_SIGN_IDENTITY[sdk=iphoneos*]" = "iPhone Developer";
				COPY_PHASE_STRIP = NO;
				DEBUG_INFORMATION_FORMAT = "dwarf-with-dsym";
				ENABLE_NS_ASSERTIONS = NO;
				ENABLE_STRICT_OBJC_MSGSEND = YES;
				GCC_C_LANGUAGE_STANDARD = gnu99;
				GCC_NO_COMMON_BLOCKS = YES;
				GCC_WARN_64_TO_32_BIT_CONVERSION = YES;
				GCC_WARN_ABOUT_RETURN_TYPE = YES_ERROR;
				GCC_WARN_UNDECLARED_SELECTOR = YES;
				GCC_WARN_UNINITIALIZED_AUTOS = YES_AGGRESSIVE;
				GCC_WARN_UNUSED_FUNCTION = YES;
				GCC_WARN_UNUSED_VARIABLE = YES;
				IPHONEOS_DEPLOYMENT_TARGET = 10.3;
				MTL_ENABLE_DEBUG_INFO = NO;
				SDKROOT = iphoneos;
				VALIDATE_PRODUCT = YES;
			};
			name = Release;
		};
		2EBF87511F394ABF00EB7D67 /* Debug */ = {
			isa = XCBuildConfiguration;
			buildSettings = {
				ASSETCATALOG_COMPILER_APPICON_NAME = AppIcon;
				DEVELOPMENT_TEAM = 4V4PCK8KNJ;
				INFOPLIST_FILE = CattyGo/Info.plist;
				LD_RUNPATH_SEARCH_PATHS = "$(inherited) @executable_path/Frameworks";
				PRODUCT_BUNDLE_IDENTIFIER = com.cooursera.CattyGo.CattyGo;
				PRODUCT_NAME = "$(TARGET_NAME)";
			};
			name = Debug;
		};
		2EBF87521F394ABF00EB7D67 /* Release */ = {
			isa = XCBuildConfiguration;
			buildSettings = {
				ASSETCATALOG_COMPILER_APPICON_NAME = AppIcon;
				DEVELOPMENT_TEAM = 4V4PCK8KNJ;
				INFOPLIST_FILE = CattyGo/Info.plist;
				LD_RUNPATH_SEARCH_PATHS = "$(inherited) @executable_path/Frameworks";
				PRODUCT_BUNDLE_IDENTIFIER = com.cooursera.CattyGo.CattyGo;
				PRODUCT_NAME = "$(TARGET_NAME)";
			};
			name = Release;
		};
		2EBF87541F394ABF00EB7D67 /* Debug */ = {
			isa = XCBuildConfiguration;
			buildSettings = {
				BUNDLE_LOADER = "$(TEST_HOST)";
				DEVELOPMENT_TEAM = 4V4PCK8KNJ;
				INFOPLIST_FILE = CattyGoTests/Info.plist;
				LD_RUNPATH_SEARCH_PATHS = "$(inherited) @executable_path/Frameworks @loader_path/Frameworks";
				PRODUCT_BUNDLE_IDENTIFIER = com.cooursera.CattyGo.CattyGoTests;
				PRODUCT_NAME = "$(TARGET_NAME)";
				TEST_HOST = "$(BUILT_PRODUCTS_DIR)/CattyGo.app/CattyGo";
			};
			name = Debug;
		};
		2EBF87551F394ABF00EB7D67 /* Release */ = {
			isa = XCBuildConfiguration;
			buildSettings = {
				BUNDLE_LOADER = "$(TEST_HOST)";
				DEVELOPMENT_TEAM = 4V4PCK8KNJ;
				INFOPLIST_FILE = CattyGoTests/Info.plist;
				LD_RUNPATH_SEARCH_PATHS = "$(inherited) @executable_path/Frameworks @loader_path/Frameworks";
				PRODUCT_BUNDLE_IDENTIFIER = com.cooursera.CattyGo.CattyGoTests;
				PRODUCT_NAME = "$(TARGET_NAME)";
				TEST_HOST = "$(BUILT_PRODUCTS_DIR)/CattyGo.app/CattyGo";
			};
			name = Release;
		};
		2EBF87571F394ABF00EB7D67 /* Debug */ = {
			isa = XCBuildConfiguration;
			buildSettings = {
				DEVELOPMENT_TEAM = 4V4PCK8KNJ;
				INFOPLIST_FILE = CattyGoUITests/Info.plist;
				LD_RUNPATH_SEARCH_PATHS = "$(inherited) @executable_path/Frameworks @loader_path/Frameworks";
				PRODUCT_BUNDLE_IDENTIFIER = com.cooursera.CattyGo.CattyGoUITests;
				PRODUCT_NAME = "$(TARGET_NAME)";
				TEST_TARGET_NAME = CattyGo;
			};
			name = Debug;
		};
		2EBF87581F394ABF00EB7D67 /* Release */ = {
			isa = XCBuildConfiguration;
			buildSettings = {
				DEVELOPMENT_TEAM = 4V4PCK8KNJ;
				INFOPLIST_FILE = CattyGoUITests/Info.plist;
				LD_RUNPATH_SEARCH_PATHS = "$(inherited) @executable_path/Frameworks @loader_path/Frameworks";
				PRODUCT_BUNDLE_IDENTIFIER = com.cooursera.CattyGo.CattyGoUITests;
				PRODUCT_NAME = "$(TARGET_NAME)";
				TEST_TARGET_NAME = CattyGo;
			};
			name = Release;
		};
/* End XCBuildConfiguration section */

/* Begin XCConfigurationList section */
		2EBF87171F394ABE00EB7D67 /* Build configuration list for PBXProject "CattyGo" */ = {
			isa = XCConfigurationList;
			buildConfigurations = (
				2EBF874E1F394ABF00EB7D67 /* Debug */,
				2EBF874F1F394ABF00EB7D67 /* Release */,
			);
			defaultConfigurationIsVisible = 0;
			defaultConfigurationName = Release;
		};
		2EBF87501F394ABF00EB7D67 /* Build configuration list for PBXNativeTarget "CattyGo" */ = {
			isa = XCConfigurationList;
			buildConfigurations = (
				2EBF87511F394ABF00EB7D67 /* Debug */,
				2EBF87521F394ABF00EB7D67 /* Release */,
			);
			defaultConfigurationIsVisible = 0;
		};
		2EBF87531F394ABF00EB7D67 /* Build configuration list for PBXNativeTarget "CattyGoTests" */ = {
			isa = XCConfigurationList;
			buildConfigurations = (
				2EBF87541F394ABF00EB7D67 /* Debug */,
				2EBF87551F394ABF00EB7D67 /* Release */,
			);
			defaultConfigurationIsVisible = 0;
		};
		2EBF87561F394ABF00EB7D67 /* Build configuration list for PBXNativeTarget "CattyGoUITests" */ = {
			isa = XCConfigurationList;
			buildConfigurations = (
				2EBF87571F394ABF00EB7D67 /* Debug */,
				2EBF87581F394ABF00EB7D67 /* Release */,
			);
			defaultConfigurationIsVisible = 0;
		};
/* End XCConfigurationList section */
	};
	rootObject = 2EBF87141F394ABE00EB7D67 /* Project object */;
}
